# THIS IS AN AUTOGENERATED FILE. DO NOT EDIT THIS FILE DIRECTLY.
# yarn lockfile v1


todomvc-app-css@^2.0.0:
  version "2.1.0"
  resolved "https://registry.yarnpkg.com/todomvc-app-css/-/todomvc-app-css-2.1.0.tgz#b6f2716d339afa2e5f799347d2a48b05396242a5"

todomvc-common@^1.0.0:
  version "1.0.4"
  resolved "https://registry.yarnpkg.com/todomvc-common/-/todomvc-common-1.0.4.tgz#23099af886c2f0525bfd4537e078f12d0074309e"
